
Microsoft Visual Studio Solution File, Format Version 12.00
# Visual Studio 15
VisualStudioVersion = 15.0.28010.2041
MinimumVisualStudioVersion = 10.0.40219.1
Project("{2150E333-8FDC-42A3-9474-1A3956D46DE8}") = "src", "src", "{65F793A0-81FF-4A7B-A546-DAD76A4CFE58}"
EndProject
Project("{FAE04EC0-301F-11D3-BF4B-00C04F79EFBC}") = "WebAPI", "src\WebAPI\WebAPI.csproj", "{F175B46D-17F8-4B96-A2CC-8250FAA5EED9}"
EndProject
Project("{2150E333-8FDC-42A3-9474-1A3956D46DE8}") = "tests", "tests", "{F6DDD459-BD5B-4A5F-BDD8-C3E5DDD7989E}"
EndProject
Project("{FAE04EC0-301F-11D3-BF4B-00C04F79EFBC}") = "WebApi.UnitTests", "tests\WebApi.UnitTests\WebApi.UnitTests.csproj", "{D7A63A52-25A4-4D0A-AC2A-7CD0F66D4B0F}"
EndProject
Global
	GlobalSection(SolutionConfigurationPlatforms) = preSolution
		Debug|Any CPU = Debug|Any CPU
		Release|Any CPU = Release|Any CPU
	EndGlobalSection
	GlobalSection(ProjectConfigurationPlatforms) = postSolution
		{F175B46D-17F8-4B96-A2CC-8250FAA5EED9}.Debug|Any CPU.ActiveCfg = Debug|Any CPU
		{F175B46D-17F8-4B96-A2CC-8250FAA5EED9}.Debug|Any CPU.Build.0 = Debug|Any CPU
		{F175B46D-17F8-4B96-A2CC-8250FAA5EED9}.Release|Any CPU.ActiveCfg = Release|Any CPU
		{F175B46D-17F8-4B96-A2CC-8250FAA5EED9}.Release|Any CPU.Build.0 = Release|Any CPU
		{D7A63A52-25A4-4D0A-AC2A-7CD0F66D4B0F}.Debug|Any CPU.ActiveCfg = Debug|Any CPU
		{D7A63A52-25A4-4D0A-AC2A-7CD0F66D4B0F}.Debug|Any CPU.Build.0 = Debug|Any CPU
		{D7A63A52-25A4-4D0A-AC2A-7CD0F66D4B0F}.Release|Any CPU.ActiveCfg = Release|Any CPU
		{D7A63A52-25A4-4D0A-AC2A-7CD0F66D4B0F}.Release|Any CPU.Build.0 = Release|Any CPU
	EndGlobalSection
	GlobalSection(SolutionProperties) = preSolution
		HideSolutionNode = FALSE
	EndGlobalSection
	GlobalSection(NestedProjects) = preSolution
		{F175B46D-17F8-4B96-A2CC-8250FAA5EED9} = {65F793A0-81FF-4A7B-A546-DAD76A4CFE58}
		{D7A63A52-25A4-4D0A-AC2A-7CD0F66D4B0F} = {F6DDD459-BD5B-4A5F-BDD8-C3E5DDD7989E}
	EndGlobalSection
	GlobalSection(ExtensibilityGlobals) = postSolution
		SolutionGuid = {A088565F-DE0A-4741-BC15-D05D6FED71F3}
	EndGlobalSection
EndGlobal
